
Microsoft Visual Studio Solution File, Format Version 12.00
# Visual Studio Version 17
VisualStudioVersion = 17.11.35327.3
MinimumVisualStudioVersion = 10.0.40219.1
Project("{FAE04EC0-301F-11D3-BF4B-00C04F79EFBC}") = "ProductManagementBCSTO18", "ProductManagementBCSTO18\ProductManagementBCSTO18.csproj", "{BE56FBC9-ED59-4FB2-AFDE-3AB65D1714FB}"
EndProject
Global
	GlobalSection(SolutionConfigurationPlatforms) = preSolution
		Debug|Any CPU = Debug|Any CPU
		Release|Any CPU = Release|Any CPU
	EndGlobalSection
	GlobalSection(ProjectConfigurationPlatforms) = postSolution
		{BE56FBC9-ED59-4FB2-AFDE-3AB65D1714FB}.Debug|Any CPU.ActiveCfg = Debug|Any CPU
		{BE56FBC9-ED59-4FB2-AFDE-3AB65D1714FB}.Debug|Any CPU.Build.0 = Debug|Any CPU
		{BE56FBC9-ED59-4FB2-AFDE-3AB65D1714FB}.Release|Any CPU.ActiveCfg = Release|Any CPU
		{BE56FBC9-ED59-4FB2-AFDE-3AB65D1714FB}.Release|Any CPU.Build.0 = Release|Any CPU
	EndGlobalSection
	GlobalSection(SolutionProperties) = preSolution
		HideSolutionNode = FALSE
	EndGlobalSection
	GlobalSection(ExtensibilityGlobals) = postSolution
		SolutionGuid = {ACB8DFCB-0F7F-4375-80BC-E36B46C1C7D5}
	EndGlobalSection
EndGlobal
